
Microsoft Visual Studio Solution File, Format Version 12.00
# Visual Studio Version 17
VisualStudioVersion = 17.6.33815.320
MinimumVisualStudioVersion = 10.0.40219.1
Project("{FAE04EC0-301F-11D3-BF4B-00C04F79EFBC}") = "AP26", "AP26\AP26.csproj", "{F19B193A-2191-480B-B7FD-F39F0657BDEC}"
EndProject
Global
	GlobalSection(SolutionConfigurationPlatforms) = preSolution
		Debug|Any CPU = Debug|Any CPU
		Release|Any CPU = Release|Any CPU
	EndGlobalSection
	GlobalSection(ProjectConfigurationPlatforms) = postSolution
		{F19B193A-2191-480B-B7FD-F39F0657BDEC}.Debug|Any CPU.ActiveCfg = Debug|Any CPU
		{F19B193A-2191-480B-B7FD-F39F0657BDEC}.Debug|Any CPU.Build.0 = Debug|Any CPU
		{F19B193A-2191-480B-B7FD-F39F0657BDEC}.Release|Any CPU.ActiveCfg = Release|Any CPU
		{F19B193A-2191-480B-B7FD-F39F0657BDEC}.Release|Any CPU.Build.0 = Release|Any CPU
	EndGlobalSection
	GlobalSection(SolutionProperties) = preSolution
		HideSolutionNode = FALSE
	EndGlobalSection
	GlobalSection(ExtensibilityGlobals) = postSolution
		SolutionGuid = {22B5421A-3756-4984-8CB5-98E8B55F286D}
	EndGlobalSection
EndGlobal
